# This file is automatically @generated by Cargo.
# It is not intended for manual editing.
version = 3

[[package]]
name = "museair"
version = "0.3.0"
source = "registry+https://github.com/rust-lang/crates.io-index"
checksum = "9b04315f24396abdd7f1a20ae35ebf64d6fd704a955f806c9edf4a8a1bc7cedc"

[[package]]
name = "musemap"
version = "0.1.0"
dependencies = [
 "museair",
]
