# This file is automatically @generated by Cargo.
# It is not intended for manual editing.
version = 3

[[package]]
name = "museair"
version = "0.3.0-rc6"
source = "registry+https://github.com/rust-lang/crates.io-index"
checksum = "43b0f5439ec8c1cdb49d0d37c507dc45de6b2eaecc42caea0217ee972eee889e"

[[package]]
name = "musemap"
version = "0.1.0-alpha"
dependencies = [
 "museair",
]
